
Microsoft Visual Studio Solution File, Format Version 12.00
# Visual Studio 15
VisualStudioVersion = 15.0.27004.2010
MinimumVisualStudioVersion = 10.0.40219.1
Project("{8BC9CEB8-8B4A-11D0-8D11-00A0C91BC942}") = "Caro", "Caro\Caro.vcxproj", "{9D13675C-4ED0-4FD0-AE81-55E4AD90C23B}"
EndProject
Project("{8BC9CEB8-8B4A-11D0-8D11-00A0C91BC942}") = "Library1", "Library1\Library1.vcxproj", "{9AF3E3EE-64CA-443D-BC42-67D119782F4E}"
EndProject
Global
	GlobalSection(SolutionConfigurationPlatforms) = preSolution
		Debug|x64 = Debug|x64
		Debug|x86 = Debug|x86
		Release|x64 = Release|x64
		Release|x86 = Release|x86
	EndGlobalSection
	GlobalSection(ProjectConfigurationPlatforms) = postSolution
		{9D13675C-4ED0-4FD0-AE81-55E4AD90C23B}.Debug|x64.ActiveCfg = Debug|x64
		{9D13675C-4ED0-4FD0-AE81-55E4AD90C23B}.Debug|x64.Build.0 = Debug|x64
		{9D13675C-4ED0-4FD0-AE81-55E4AD90C23B}.Debug|x86.ActiveCfg = Debug|Win32
		{9D13675C-4ED0-4FD0-AE81-55E4AD90C23B}.Debug|x86.Build.0 = Debug|Win32
		{9D13675C-4ED0-4FD0-AE81-55E4AD90C23B}.Release|x64.ActiveCfg = Release|x64
		{9D13675C-4ED0-4FD0-AE81-55E4AD90C23B}.Release|x64.Build.0 = Release|x64
		{9D13675C-4ED0-4FD0-AE81-55E4AD90C23B}.Release|x86.ActiveCfg = Release|Win32
		{9D13675C-4ED0-4FD0-AE81-55E4AD90C23B}.Release|x86.Build.0 = Release|Win32
		{9AF3E3EE-64CA-443D-BC42-67D119782F4E}.Debug|x64.ActiveCfg = Debug|x64
		{9AF3E3EE-64CA-443D-BC42-67D119782F4E}.Debug|x64.Build.0 = Debug|x64
		{9AF3E3EE-64CA-443D-BC42-67D119782F4E}.Debug|x86.ActiveCfg = Debug|Win32
		{9AF3E3EE-64CA-443D-BC42-67D119782F4E}.Debug|x86.Build.0 = Debug|Win32
		{9AF3E3EE-64CA-443D-BC42-67D119782F4E}.Release|x64.ActiveCfg = Release|x64
		{9AF3E3EE-64CA-443D-BC42-67D119782F4E}.Release|x64.Build.0 = Release|x64
		{9AF3E3EE-64CA-443D-BC42-67D119782F4E}.Release|x86.ActiveCfg = Release|Win32
		{9AF3E3EE-64CA-443D-BC42-67D119782F4E}.Release|x86.Build.0 = Release|Win32
	EndGlobalSection
	GlobalSection(SolutionProperties) = preSolution
		HideSolutionNode = FALSE
	EndGlobalSection
	GlobalSection(ExtensibilityGlobals) = postSolution
		SolutionGuid = {4566B214-E99E-47F7-B237-7E029DB004AA}
	EndGlobalSection
EndGlobal
